
Microsoft Visual Studio Solution File, Format Version 12.00
# Visual Studio 15
VisualStudioVersion = 15.0.27428.2015
MinimumVisualStudioVersion = 10.0.40219.1
Project("{FAE04EC0-301F-11D3-BF4B-00C04F79EFBC}") = "LogWriter", "LowWriter\LogWriter.csproj", "{60E1CDA5-9A21-4BF4-BF61-8F788F1F95B2}"
EndProject
Project("{FAE04EC0-301F-11D3-BF4B-00C04F79EFBC}") = "Controller", "Controller\Controller.csproj", "{C04F8CEB-E2E5-4241-BF36-96FE4512FA9F}"
EndProject
Project("{D954291E-2A0B-460D-934E-DC6B0785DB48}") = "WeatherstationClient", "WeatherstationClient\WeatherstationClient.shproj", "{85D02975-EB2A-4A0F-87F0-507B93D6DBC7}"
EndProject
Global
	GlobalSection(SharedMSBuildProjectFiles) = preSolution
		WeatherstationClient\WeatherstationClient.projitems*{85d02975-eb2a-4a0f-87f0-507b93d6dbc7}*SharedItemsImports = 13
	EndGlobalSection
	GlobalSection(SolutionConfigurationPlatforms) = preSolution
		Debug|Any CPU = Debug|Any CPU
		Release|Any CPU = Release|Any CPU
	EndGlobalSection
	GlobalSection(ProjectConfigurationPlatforms) = postSolution
		{60E1CDA5-9A21-4BF4-BF61-8F788F1F95B2}.Debug|Any CPU.ActiveCfg = Debug|Any CPU
		{60E1CDA5-9A21-4BF4-BF61-8F788F1F95B2}.Debug|Any CPU.Build.0 = Debug|Any CPU
		{60E1CDA5-9A21-4BF4-BF61-8F788F1F95B2}.Release|Any CPU.ActiveCfg = Release|Any CPU
		{60E1CDA5-9A21-4BF4-BF61-8F788F1F95B2}.Release|Any CPU.Build.0 = Release|Any CPU
		{C04F8CEB-E2E5-4241-BF36-96FE4512FA9F}.Debug|Any CPU.ActiveCfg = Debug|Any CPU
		{C04F8CEB-E2E5-4241-BF36-96FE4512FA9F}.Debug|Any CPU.Build.0 = Debug|Any CPU
		{C04F8CEB-E2E5-4241-BF36-96FE4512FA9F}.Release|Any CPU.ActiveCfg = Release|Any CPU
		{C04F8CEB-E2E5-4241-BF36-96FE4512FA9F}.Release|Any CPU.Build.0 = Release|Any CPU
	EndGlobalSection
	GlobalSection(SolutionProperties) = preSolution
		HideSolutionNode = FALSE
	EndGlobalSection
	GlobalSection(ExtensibilityGlobals) = postSolution
		SolutionGuid = {08967B15-E1D7-47DA-984D-50857A52AAD5}
	EndGlobalSection
EndGlobal
